
Microsoft Visual Studio Solution File, Format Version 12.00
# Visual Studio Version 17
VisualStudioVersion = 17.14.36408.4
MinimumVisualStudioVersion = 10.0.40219.1
Project("{FAE04EC0-301F-11D3-BF4B-00C04F79EFBC}") = "BackEnd", "ConsoleApp1\BackEnd.csproj", "{D70C65CA-1EF9-4467-997C-2C290B28A162}"
EndProject
Project("{FAE04EC0-301F-11D3-BF4B-00C04F79EFBC}") = "FrontEnd", "WebApplication5\FrontEnd.csproj", "{D111A806-592F-4D94-92C6-6B1565BE14D5}"
	ProjectSection(ProjectDependencies) = postProject
		{D70C65CA-1EF9-4467-997C-2C290B28A162} = {D70C65CA-1EF9-4467-997C-2C290B28A162}
	EndProjectSection
EndProject
Global
	GlobalSection(SolutionConfigurationPlatforms) = preSolution
		Debug|Any CPU = Debug|Any CPU
		Release|Any CPU = Release|Any CPU
	EndGlobalSection
	GlobalSection(ProjectConfigurationPlatforms) = postSolution
		{D70C65CA-1EF9-4467-997C-2C290B28A162}.Debug|Any CPU.ActiveCfg = Debug|Any CPU
		{D70C65CA-1EF9-4467-997C-2C290B28A162}.Debug|Any CPU.Build.0 = Debug|Any CPU
		{D70C65CA-1EF9-4467-997C-2C290B28A162}.Release|Any CPU.ActiveCfg = Release|Any CPU
		{D70C65CA-1EF9-4467-997C-2C290B28A162}.Release|Any CPU.Build.0 = Release|Any CPU
		{D111A806-592F-4D94-92C6-6B1565BE14D5}.Debug|Any CPU.ActiveCfg = Debug|Any CPU
		{D111A806-592F-4D94-92C6-6B1565BE14D5}.Debug|Any CPU.Build.0 = Debug|Any CPU
		{D111A806-592F-4D94-92C6-6B1565BE14D5}.Release|Any CPU.ActiveCfg = Release|Any CPU
		{D111A806-592F-4D94-92C6-6B1565BE14D5}.Release|Any CPU.Build.0 = Release|Any CPU
	EndGlobalSection
	GlobalSection(SolutionProperties) = preSolution
		HideSolutionNode = FALSE
	EndGlobalSection
	GlobalSection(ExtensibilityGlobals) = postSolution
		SolutionGuid = {202E0505-F01F-405F-A9EB-77256191A26F}
	EndGlobalSection
EndGlobal
